
Microsoft Visual Studio Solution File, Format Version 12.00
# Visual Studio Version 17
VisualStudioVersion = 17.4.33213.308
MinimumVisualStudioVersion = 10.0.40219.1
Project("{FAE04EC0-301F-11D3-BF4B-00C04F79EFBC}") = "TicTacToe", "TicTacToe\TicTacToe.csproj", "{CCE77536-2E10-46A1-BE41-D9A16276FDF4}"
EndProject
Global
	GlobalSection(SolutionConfigurationPlatforms) = preSolution
		Debug|Any CPU = Debug|Any CPU
		Release|Any CPU = Release|Any CPU
	EndGlobalSection
	GlobalSection(ProjectConfigurationPlatforms) = postSolution
		{CCE77536-2E10-46A1-BE41-D9A16276FDF4}.Debug|Any CPU.ActiveCfg = Debug|Any CPU
		{CCE77536-2E10-46A1-BE41-D9A16276FDF4}.Debug|Any CPU.Build.0 = Debug|Any CPU
		{CCE77536-2E10-46A1-BE41-D9A16276FDF4}.Release|Any CPU.ActiveCfg = Release|Any CPU
		{CCE77536-2E10-46A1-BE41-D9A16276FDF4}.Release|Any CPU.Build.0 = Release|Any CPU
	EndGlobalSection
	GlobalSection(SolutionProperties) = preSolution
		HideSolutionNode = FALSE
	EndGlobalSection
	GlobalSection(ExtensibilityGlobals) = postSolution
		SolutionGuid = {84FCDDEE-8824-449B-AC3A-F8F7484EAD87}
	EndGlobalSection
EndGlobal
